
Microsoft Visual Studio Solution File, Format Version 12.00
# Visual Studio Version 17
VisualStudioVersion = 17.13.35825.156
MinimumVisualStudioVersion = 10.0.40219.1
Project("{FAE04EC0-301F-11D3-BF4B-00C04F79EFBC}") = "Domain", "Domain\Domain.csproj", "{AECFB351-61B1-447E-A4A4-5EEA9AF79A28}"
EndProject
Project("{FAE04EC0-301F-11D3-BF4B-00C04F79EFBC}") = "Application", "Application\Application.csproj", "{1A59C772-4778-4083-914F-FB42FE694B80}"
EndProject
Project("{FAE04EC0-301F-11D3-BF4B-00C04F79EFBC}") = "Infrastructure", "Infrastructure\Infrastructure.csproj", "{732953EC-12AC-4B3B-829B-984DBF9E0C0B}"
	ProjectSection(ProjectDependencies) = postProject
		{AECFB351-61B1-447E-A4A4-5EEA9AF79A28} = {AECFB351-61B1-447E-A4A4-5EEA9AF79A28}
	EndProjectSection
EndProject
Project("{FAE04EC0-301F-11D3-BF4B-00C04F79EFBC}") = "WebAPI", "WebAPI\WebAPI.csproj", "{203D74BF-A0D9-4820-97C8-6D35DC4E7D33}"
	ProjectSection(ProjectDependencies) = postProject
		{AECFB351-61B1-447E-A4A4-5EEA9AF79A28} = {AECFB351-61B1-447E-A4A4-5EEA9AF79A28}
	EndProjectSection
EndProject
Global
	GlobalSection(SolutionConfigurationPlatforms) = preSolution
		Debug|Any CPU = Debug|Any CPU
		Release|Any CPU = Release|Any CPU
	EndGlobalSection
	GlobalSection(ProjectConfigurationPlatforms) = postSolution
		{AECFB351-61B1-447E-A4A4-5EEA9AF79A28}.Debug|Any CPU.ActiveCfg = Debug|Any CPU
		{AECFB351-61B1-447E-A4A4-5EEA9AF79A28}.Debug|Any CPU.Build.0 = Debug|Any CPU
		{AECFB351-61B1-447E-A4A4-5EEA9AF79A28}.Release|Any CPU.ActiveCfg = Release|Any CPU
		{AECFB351-61B1-447E-A4A4-5EEA9AF79A28}.Release|Any CPU.Build.0 = Release|Any CPU
		{1A59C772-4778-4083-914F-FB42FE694B80}.Debug|Any CPU.ActiveCfg = Debug|Any CPU
		{1A59C772-4778-4083-914F-FB42FE694B80}.Debug|Any CPU.Build.0 = Debug|Any CPU
		{1A59C772-4778-4083-914F-FB42FE694B80}.Release|Any CPU.ActiveCfg = Release|Any CPU
		{1A59C772-4778-4083-914F-FB42FE694B80}.Release|Any CPU.Build.0 = Release|Any CPU
		{732953EC-12AC-4B3B-829B-984DBF9E0C0B}.Debug|Any CPU.ActiveCfg = Debug|Any CPU
		{732953EC-12AC-4B3B-829B-984DBF9E0C0B}.Debug|Any CPU.Build.0 = Debug|Any CPU
		{732953EC-12AC-4B3B-829B-984DBF9E0C0B}.Release|Any CPU.ActiveCfg = Release|Any CPU
		{732953EC-12AC-4B3B-829B-984DBF9E0C0B}.Release|Any CPU.Build.0 = Release|Any CPU
		{203D74BF-A0D9-4820-97C8-6D35DC4E7D33}.Debug|Any CPU.ActiveCfg = Debug|Any CPU
		{203D74BF-A0D9-4820-97C8-6D35DC4E7D33}.Debug|Any CPU.Build.0 = Debug|Any CPU
		{203D74BF-A0D9-4820-97C8-6D35DC4E7D33}.Release|Any CPU.ActiveCfg = Release|Any CPU
		{203D74BF-A0D9-4820-97C8-6D35DC4E7D33}.Release|Any CPU.Build.0 = Release|Any CPU
	EndGlobalSection
	GlobalSection(SolutionProperties) = preSolution
		HideSolutionNode = FALSE
	EndGlobalSection
	GlobalSection(ExtensibilityGlobals) = postSolution
		SolutionGuid = {274F609B-76CE-4CE4-B950-F5110542A8FC}
	EndGlobalSection
EndGlobal
